{
  "name": "base_proyecto_foundry",
  "lockfileVersion": 3,
  "requires": true,
  "packages": {
    "": {
      "dependencies": {
        "@openzeppelin/contracts": "^5.0.2"
      },
      "devDependencies": {
        "forge-std": "^1.1.2"
      }
    },
    "node_modules/@openzeppelin/contracts": {
      "version": "5.0.2",
      "resolved": "https://registry.npmjs.org/@openzeppelin/contracts/-/contracts-5.0.2.tgz",
      "integrity": "sha512-ytPc6eLGcHHnapAZ9S+5qsdomhjo6QBHTDRRBFfTxXIpsicMhVPouPgmUPebZZZGX7vt9USA+Z+0M0dSVtSUEA=="
    },
    "node_modules/forge-std": {
      "version": "1.1.2",
      "resolved": "https://registry.npmjs.org/forge-std/-/forge-std-1.1.2.tgz",
      "integrity": "sha512-Wfb0iAS9PcfjMKtGpWQw9mXzJxrWD62kJCUqqLcyuI0+VRtJ3j20XembjF3kS20qELYdXft1vD/SPFVWVKMFOw==",
      "dev": true
    }
  }
}
